
Microsoft Visual Studio Solution File, Format Version 12.00
# Visual Studio 14
VisualStudioVersion = 14.0.25420.1
MinimumVisualStudioVersion = 10.0.40219.1
Project("{FAE04EC0-301F-11D3-BF4B-00C04F79EFBC}") = "OODB1", "OODB1\OODB1.csproj", "{466B4CCC-1512-4AF0-A540-4CB1E64DDF62}"
EndProject
Global
	GlobalSection(SolutionConfigurationPlatforms) = preSolution
		Debug|Any CPU = Debug|Any CPU
		Release|Any CPU = Release|Any CPU
	EndGlobalSection
	GlobalSection(ProjectConfigurationPlatforms) = postSolution
		{466B4CCC-1512-4AF0-A540-4CB1E64DDF62}.Debug|Any CPU.ActiveCfg = Debug|Any CPU
		{466B4CCC-1512-4AF0-A540-4CB1E64DDF62}.Debug|Any CPU.Build.0 = Debug|Any CPU
		{466B4CCC-1512-4AF0-A540-4CB1E64DDF62}.Release|Any CPU.ActiveCfg = Release|Any CPU
		{466B4CCC-1512-4AF0-A540-4CB1E64DDF62}.Release|Any CPU.Build.0 = Release|Any CPU
	EndGlobalSection
	GlobalSection(SolutionProperties) = preSolution
		HideSolutionNode = FALSE
	EndGlobalSection
EndGlobal
